{
  "originHash" : "d0318e3c5c9951e427ba8cb2451e8270503ab4754f0329eb3f8073b71af274fe",
  "pins" : [
    {
      "identity" : "swift-subprocess",
      "kind" : "remoteSourceControl",
      "location" : "https://github.com/swiftlang/swift-subprocess",
      "state" : {
        "revision" : "b3937ab85dd32f6e9435914599c1519074769c1a",
        "version" : "1.0.0"
      }
    },
    {
      "identity" : "swift-system",
      "kind" : "remoteSourceControl",
      "location" : "https://github.com/apple/swift-system",
      "state" : {
        "revision" : "704705c5c51156ede21172a38654d522ce487074",
        "version" : "1.8.0"
      }
    }
  ],
  "version" : 3
}
